{
  "requires": true,
  "lockfileVersion": 1,
  "dependencies": {
    "bootstrapvalidator": {
      "version": "0.5.4",
      "resolved": "https://registry.npmjs.org/bootstrapvalidator/-/bootstrapvalidator-0.5.4.tgz",
      "integrity": "sha512-wdHKGxyWW3LFjMDtbW2WX8pCWTew+M6FW2YwbRUmI6bp0FUs43h9WmfFoe3KM8kv26g/klsSBe4gh4f57BZ0eQ=="
    }
  }
}
